// !$*UTF8*$!
{
	archiveVersion = 1;
	classes = {
	};
	objectVersion = 56;
	objects = {

/* Begin PBXBuildFile section */
		6F1540752C5720C40018A283 /* SimpleMath.swift in Sources */ = {isa = PBXBuildFile; fileRef = 6F1540742C5720C40018A283 /* SimpleMath.swift */; };
		6F4ABCE52C555926002D9754 /* CWCUnitTestingApp.swift in Sources */ = {isa = PBXBuildFile; fileRef = 6F4ABCE42C555926002D9754 /* CWCUnitTestingApp.swift */; };
		6F4ABCE72C555926002D9754 /* ContentView.swift in Sources */ = {isa = PBXBuildFile; fileRef = 6F4ABCE62C555926002D9754 /* ContentView.swift */; };
		6F4ABCE92C55592A002D9754 /* Assets.xcassets in Resources */ = {isa = PBXBuildFile; fileRef = 6F4ABCE82C55592A002D9754 /* Assets.xcassets */; };
		6F4ABCEC2C55592A002D9754 /* Preview Assets.xcassets in Resources */ = {isa = PBXBuildFile; fileRef = 6F4ABCEB2C55592A002D9754 /* Preview Assets.xcassets */; };
		6F4ABCF62C55592B002D9754 /* CWCUnitTestingTests.swift in Sources */ = {isa = PBXBuildFile; fileRef = 6F4ABCF52C55592B002D9754 /* CWCUnitTestingTests.swift */; };
		6F4ABD002C55592B002D9754 /* CWCUnitTestingUITests.swift in Sources */ = {isa = PBXBuildFile; fileRef = 6F4ABCFF2C55592B002D9754 /* CWCUnitTestingUITests.swift */; };
		6F4ABD022C55592B002D9754 /* CWCUnitTestingUITestsLaunchTests.swift in Sources */ = {isa = PBXBuildFile; fileRef = 6F4ABD012C55592B002D9754 /* CWCUnitTestingUITestsLaunchTests.swift */; };
/* End PBXBuildFile section */

/* Begin PBXContainerItemProxy section */
		6F4ABCF22C55592B002D9754 /* PBXContainerItemProxy */ = {
			isa = PBXContainerItemProxy;
			containerPortal = 6F4ABCD92C555926002D9754 /* Project object */;
			proxyType = 1;
			remoteGlobalIDString = 6F4ABCE02C555926002D9754;
			remoteInfo = CWCUnitTesting;
		};
		6F4ABCFC2C55592B002D9754 /* PBXContainerItemProxy */ = {
			isa = PBXContainerItemProxy;
			containerPortal = 6F4ABCD92C555926002D9754 /* Project object */;
			proxyType = 1;
			remoteGlobalIDString = 6F4ABCE02C555926002D9754;
			remoteInfo = CWCUnitTesting;
		};
/* End PBXContainerItemProxy section */

/* Begin PBXFileReference section */
		6F1540742C5720C40018A283 /* SimpleMath.swift */ = {isa = PBXFileReference; lastKnownFileType = sourcecode.swift; path = SimpleMath.swift; sourceTree = "<group>"; };
		6F4ABCE12C555926002D9754 /* CWCUnitTesting.app */ = {isa = PBXFileReference; explicitFileType = wrapper.application; includeInIndex = 0; path = CWCUnitTesting.app; sourceTree = BUILT_PRODUCTS_DIR; };
		6F4ABCE42C555926002D9754 /* CWCUnitTestingApp.swift */ = {isa = PBXFileReference; lastKnownFileType = sourcecode.swift; path = CWCUnitTestingApp.swift; sourceTree = "<group>"; };
		6F4ABCE62C555926002D9754 /* ContentView.swift */ = {isa = PBXFileReference; lastKnownFileType = sourcecode.swift; path = ContentView.swift; sourceTree = "<group>"; };
		6F4ABCE82C55592A002D9754 /* Assets.xcassets */ = {isa = PBXFileReference; lastKnownFileType = folder.assetcatalog; path = Assets.xcassets; sourceTree = "<group>"; };
		6F4ABCEB2C55592A002D9754 /* Preview Assets.xcassets */ = {isa = PBXFileReference; lastKnownFileType = folder.assetcatalog; path = "Preview Assets.xcassets"; sourceTree = "<group>"; };
		6F4ABCF12C55592B002D9754 /* CWCUnitTestingTests.xctest */ = {isa = PBXFileReference; explicitFileType = wrapper.cfbundle; includeInIndex = 0; path = CWCUnitTestingTests.xctest; sourceTree = BUILT_PRODUCTS_DIR; };
		6F4ABCF52C55592B002D9754 /* CWCUnitTestingTests.swift */ = {isa = PBXFileReference; lastKnownFileType = sourcecode.swift; path = CWCUnitTestingTests.swift; sourceTree = "<group>"; };
		6F4ABCFB2C55592B002D9754 /* CWCUnitTestingUITests.xctest */ = {isa = PBXFileReference; explicitFileType = wrapper.cfbundle; includeInIndex = 0; path = CWCUnitTestingUITests.xctest; sourceTree = BUILT_PRODUCTS_DIR; };
		6F4ABCFF2C55592B002D9754 /* CWCUnitTestingUITests.swift */ = {isa = PBXFileReference; lastKnownFileType = sourcecode.swift; path = CWCUnitTestingUITests.swift; sourceTree = "<group>"; };
		6F4ABD012C55592B002D9754 /* CWCUnitTestingUITestsLaunchTests.swift */ = {isa = PBXFileReference; lastKnownFileType = sourcecode.swift; path = CWCUnitTestingUITestsLaunchTests.swift; sourceTree = "<group>"; };
/* End PBXFileReference section */

/* Begin PBXFrameworksBuildPhase section */
		6F4ABCDE2C555926002D9754 /* Frameworks */ = {
			isa = PBXFrameworksBuildPhase;
			buildActionMask = 2147483647;
			files = (
			);
			runOnlyForDeploymentPostprocessing = 0;
		};
		6F4ABCEE2C55592B002D9754 /* Frameworks */ = {
			isa = PBXFrameworksBuildPhase;
			buildActionMask = 2147483647;
			files = (
			);
			runOnlyForDeploymentPostprocessing = 0;
		};
		6F4ABCF82C55592B002D9754 /* Frameworks */ = {
			isa = PBXFrameworksBuildPhase;
			buildActionMask = 2147483647;
			files = (
			);
			runOnlyForDeploymentPostprocessing = 0;
		};
/* End PBXFrameworksBuildPhase section */

/* Begin PBXGroup section */
		6F4ABCD82C555926002D9754 = {
			isa = PBXGroup;
			children = (
				6F4ABCE32C555926002D9754 /* CWCUnitTesting */,
				6F4ABCF42C55592B002D9754 /* CWCUnitTestingTests */,
				6F4ABCFE2C55592B002D9754 /* CWCUnitTestingUITests */,
				6F4ABCE22C555926002D9754 /* Products */,
			);
			sourceTree = "<group>";
		};
		6F4ABCE22C555926002D9754 /* Products */ = {
			isa = PBXGroup;
			children = (
				6F4ABCE12C555926002D9754 /* CWCUnitTesting.app */,
				6F4ABCF12C55592B002D9754 /* CWCUnitTestingTests.xctest */,
				6F4ABCFB2C55592B002D9754 /* CWCUnitTestingUITests.xctest */,
			);
			name = Products;
			sourceTree = "<group>";
		};
		6F4ABCE32C555926002D9754 /* CWCUnitTesting */ = {
			isa = PBXGroup;
			children = (
				6F4ABCE42C555926002D9754 /* CWCUnitTestingApp.swift */,
				6F4ABCE62C555926002D9754 /* ContentView.swift */,
				6F4ABCE82C55592A002D9754 /* Assets.xcassets */,
				6F4ABCEA2C55592A002D9754 /* Preview Content */,
				6F1540742C5720C40018A283 /* SimpleMath.swift */,
			);
			path = CWCUnitTesting;
			sourceTree = "<group>";
		};
		6F4ABCEA2C55592A002D9754 /* Preview Content */ = {
			isa = PBXGroup;
			children = (
				6F4ABCEB2C55592A002D9754 /* Preview Assets.xcassets */,
			);
			path = "Preview Content";
			sourceTree = "<group>";
		};
		6F4ABCF42C55592B002D9754 /* CWCUnitTestingTests */ = {
			isa = PBXGroup;
			children = (
				6F4ABCF52C55592B002D9754 /* CWCUnitTestingTests.swift */,
			);
			path = CWCUnitTestingTests;
			sourceTree = "<group>";
		};
		6F4ABCFE2C55592B002D9754 /* CWCUnitTestingUITests */ = {
			isa = PBXGroup;
			children = (
				6F4ABCFF2C55592B002D9754 /* CWCUnitTestingUITests.swift */,
				6F4ABD012C55592B002D9754 /* CWCUnitTestingUITestsLaunchTests.swift */,
			);
			path = CWCUnitTestingUITests;
			sourceTree = "<group>";
		};
/* End PBXGroup section */

/* Begin PBXNativeTarget section */
		6F4ABCE02C555926002D9754 /* CWCUnitTesting */ = {
			isa = PBXNativeTarget;
			buildConfigurationList = 6F4ABD052C55592B002D9754 /* Build configuration list for PBXNativeTarget "CWCUnitTesting" */;
			buildPhases = (
				6F4ABCDD2C555926002D9754 /* Sources */,
				6F4ABCDE2C555926002D9754 /* Frameworks */,
				6F4ABCDF2C555926002D9754 /* Resources */,
			);
			buildRules = (
			);
			dependencies = (
			);
			name = CWCUnitTesting;
			productName = CWCUnitTesting;
			productReference = 6F4ABCE12C555926002D9754 /* CWCUnitTesting.app */;
			productType = "com.apple.product-type.application";
		};
		6F4ABCF02C55592B002D9754 /* CWCUnitTestingTests */ = {
			isa = PBXNativeTarget;
			buildConfigurationList = 6F4ABD082C55592B002D9754 /* Build configuration list for PBXNativeTarget "CWCUnitTestingTests" */;
			buildPhases = (
				6F4ABCED2C55592B002D9754 /* Sources */,
				6F4ABCEE2C55592B002D9754 /* Frameworks */,
				6F4ABCEF2C55592B002D9754 /* Resources */,
			);
			buildRules = (
			);
			dependencies = (
				6F4ABCF32C55592B002D9754 /* PBXTargetDependency */,
			);
			name = CWCUnitTestingTests;
			productName = CWCUnitTestingTests;
			productReference = 6F4ABCF12C55592B002D9754 /* CWCUnitTestingTests.xctest */;
			productType = "com.apple.product-type.bundle.unit-test";
		};
		6F4ABCFA2C55592B002D9754 /* CWCUnitTestingUITests */ = {
			isa = PBXNativeTarget;
			buildConfigurationList = 6F4ABD0B2C55592B002D9754 /* Build configuration list for PBXNativeTarget "CWCUnitTestingUITests" */;
			buildPhases = (
				6F4ABCF72C55592B002D9754 /* Sources */,
				6F4ABCF82C55592B002D9754 /* Frameworks */,
				6F4ABCF92C55592B002D9754 /* Resources */,
			);
			buildRules = (
			);
			dependencies = (
				6F4ABCFD2C55592B002D9754 /* PBXTargetDependency */,
			);
			name = CWCUnitTestingUITests;
			productName = CWCUnitTestingUITests;
			productReference = 6F4ABCFB2C55592B002D9754 /* CWCUnitTestingUITests.xctest */;
			productType = "com.apple.product-type.bundle.ui-testing";
		};
/* End PBXNativeTarget section */

/* Begin PBXProject section */
		6F4ABCD92C555926002D9754 /* Project object */ = {
			isa = PBXProject;
			attributes = {
				BuildIndependentTargetsInParallel = 1;
				LastSwiftUpdateCheck = 1520;
				LastUpgradeCheck = 1520;
				TargetAttributes = {
					6F4ABCE02C555926002D9754 = {
						CreatedOnToolsVersion = 15.2;
					};
					6F4ABCF02C55592B002D9754 = {
						CreatedOnToolsVersion = 15.2;
						TestTargetID = 6F4ABCE02C555926002D9754;
					};
					6F4ABCFA2C55592B002D9754 = {
						CreatedOnToolsVersion = 15.2;
						TestTargetID = 6F4ABCE02C555926002D9754;
					};
				};
			};
			buildConfigurationList = 6F4ABCDC2C555926002D9754 /* Build configuration list for PBXProject "CWCUnitTesting" */;
			compatibilityVersion = "Xcode 14.0";
			developmentRegion = en;
			hasScannedForEncodings = 0;
			knownRegions = (
				en,
				Base,
			);
			mainGroup = 6F4ABCD82C555926002D9754;
			productRefGroup = 6F4ABCE22C555926002D9754 /* Products */;
			projectDirPath = "";
			projectRoot = "";
			targets = (
				6F4ABCE02C555926002D9754 /* CWCUnitTesting */,
				6F4ABCF02C55592B002D9754 /* CWCUnitTestingTests */,
				6F4ABCFA2C55592B002D9754 /* CWCUnitTestingUITests */,
			);
		};
/* End PBXProject section */

/* Begin PBXResourcesBuildPhase section */
		6F4ABCDF2C555926002D9754 /* Resources */ = {
			isa = PBXResourcesBuildPhase;
			buildActionMask = 2147483647;
			files = (
				6F4ABCEC2C55592A002D9754 /* Preview Assets.xcassets in Resources */,
				6F4ABCE92C55592A002D9754 /* Assets.xcassets in Resources */,
			);
			runOnlyForDeploymentPostprocessing = 0;
		};
		6F4ABCEF2C55592B002D9754 /* Resources */ = {
			isa = PBXResourcesBuildPhase;
			buildActionMask = 2147483647;
			files = (
			);
			runOnlyForDeploymentPostprocessing = 0;
		};
		6F4ABCF92C55592B002D9754 /* Resources */ = {
			isa = PBXResourcesBuildPhase;
			buildActionMask = 2147483647;
			files = (
			);
			runOnlyForDeploymentPostprocessing = 0;
		};
/* End PBXResourcesBuildPhase section */

/* Begin PBXSourcesBuildPhase section */
		6F4ABCDD2C555926002D9754 /* Sources */ = {
			isa = PBXSourcesBuildPhase;
			buildActionMask = 2147483647;
			files = (
				6F1540752C5720C40018A283 /* SimpleMath.swift in Sources */,
				6F4ABCE72C555926002D9754 /* ContentView.swift in Sources */,
				6F4ABCE52C555926002D9754 /* CWCUnitTestingApp.swift in Sources */,
			);
			runOnlyForDeploymentPostprocessing = 0;
		};
		6F4ABCED2C55592B002D9754 /* Sources */ = {
			isa = PBXSourcesBuildPhase;
			buildActionMask = 2147483647;
			files = (
				6F4ABCF62C55592B002D9754 /* CWCUnitTestingTests.swift in Sources */,
			);
			runOnlyForDeploymentPostprocessing = 0;
		};
		6F4ABCF72C55592B002D9754 /* Sources */ = {
			isa = PBXSourcesBuildPhase;
			buildActionMask = 2147483647;
			files = (
				6F4ABD002C55592B002D9754 /* CWCUnitTestingUITests.swift in Sources */,
				6F4ABD022C55592B002D9754 /* CWCUnitTestingUITestsLaunchTests.swift in Sources */,
			);
			runOnlyForDeploymentPostprocessing = 0;
		};
/* End PBXSourcesBuildPhase section */

/* Begin PBXTargetDependency section */
		6F4ABCF32C55592B002D9754 /* PBXTargetDependency */ = {
			isa = PBXTargetDependency;
			target = 6F4ABCE02C555926002D9754 /* CWCUnitTesting */;
			targetProxy = 6F4ABCF22C55592B002D9754 /* PBXContainerItemProxy */;
		};
		6F4ABCFD2C55592B002D9754 /* PBXTargetDependency */ = {
			isa = PBXTargetDependency;
			target = 6F4ABCE02C555926002D9754 /* CWCUnitTesting */;
			targetProxy = 6F4ABCFC2C55592B002D9754 /* PBXContainerItemProxy */;
		};
/* End PBXTargetDependency section */

/* Begin XCBuildConfiguration section */
		6F4ABD032C55592B002D9754 /* Debug */ = {
			isa = XCBuildConfiguration;
			buildSettings = {
				ALWAYS_SEARCH_USER_PATHS = NO;
				ASSETCATALOG_COMPILER_GENERATE_SWIFT_ASSET_SYMBOL_EXTENSIONS = YES;
				CLANG_ANALYZER_NONNULL = YES;
				CLANG_ANALYZER_NUMBER_OBJECT_CONVERSION = YES_AGGRESSIVE;
				CLANG_CXX_LANGUAGE_STANDARD = "gnu++20";
				CLANG_ENABLE_MODULES = YES;
				CLANG_ENABLE_OBJC_ARC = YES;
				CLANG_ENABLE_OBJC_WEAK = YES;
				CLANG_WARN_BLOCK_CAPTURE_AUTORELEASING = YES;
				CLANG_WARN_BOOL_CONVERSION = YES;
				CLANG_WARN_COMMA = YES;
				CLANG_WARN_CONSTANT_CONVERSION = YES;
				CLANG_WARN_DEPRECATED_OBJC_IMPLEMENTATIONS = YES;
				CLANG_WARN_DIRECT_OBJC_ISA_USAGE = YES_ERROR;
				CLANG_WARN_DOCUMENTATION_COMMENTS = YES;
				CLANG_WARN_EMPTY_BODY = YES;
				CLANG_WARN_ENUM_CONVERSION = YES;
				CLANG_WARN_INFINITE_RECURSION = YES;
				CLANG_WARN_INT_CONVERSION = YES;
				CLANG_WARN_NON_LITERAL_NULL_CONVERSION = YES;
				CLANG_WARN_OBJC_IMPLICIT_RETAIN_SELF = YES;
				CLANG_WARN_OBJC_LITERAL_CONVERSION = YES;
				CLANG_WARN_OBJC_ROOT_CLASS = YES_ERROR;
				CLANG_WARN_QUOTED_INCLUDE_IN_FRAMEWORK_HEADER = YES;
				CLANG_WARN_RANGE_LOOP_ANALYSIS = YES;
				CLANG_WARN_STRICT_PROTOTYPES = YES;
				CLANG_WARN_SUSPICIOUS_MOVE = YES;
				CLANG_WARN_UNGUARDED_AVAILABILITY = YES_AGGRESSIVE;
				CLANG_WARN_UNREACHABLE_CODE = YES;
				CLANG_WARN__DUPLICATE_METHOD_MATCH = YES;
				COPY_PHASE_STRIP = NO;
				DEBUG_INFORMATION_FORMAT = dwarf;
				ENABLE_STRICT_OBJC_MSGSEND = YES;
				ENABLE_TESTABILITY = YES;
				ENABLE_USER_SCRIPT_SANDBOXING = YES;
				GCC_C_LANGUAGE_STANDARD = gnu17;
				GCC_DYNAMIC_NO_PIC = NO;
				GCC_NO_COMMON_BLOCKS = YES;
				GCC_OPTIMIZATION_LEVEL = 0;
				GCC_PREPROCESSOR_DEFINITIONS = (
					"DEBUG=1",
					"$(inherited)",
				);
				GCC_WARN_64_TO_32_BIT_CONVERSION = YES;
				GCC_WARN_ABOUT_RETURN_TYPE = YES_ERROR;
				GCC_WARN_UNDECLARED_SELECTOR = YES;
				GCC_WARN_UNINITIALIZED_AUTOS = YES_AGGRESSIVE;
				GCC_WARN_UNUSED_FUNCTION = YES;
				GCC_WARN_UNUSED_VARIABLE = YES;
				IPHONEOS_DEPLOYMENT_TARGET = 17.2;
				LOCALIZATION_PREFERS_STRING_CATALOGS = YES;
				MTL_ENABLE_DEBUG_INFO = INCLUDE_SOURCE;
				MTL_FAST_MATH = YES;
				ONLY_ACTIVE_ARCH = YES;
				SDKROOT = iphoneos;
				SWIFT_ACTIVE_COMPILATION_CONDITIONS = "DEBUG $(inherited)";
				SWIFT_OPTIMIZATION_LEVEL = "-Onone";
			};
			name = Debug;
		};
		6F4ABD042C55592B002D9754 /* Release */ = {
			isa = XCBuildConfiguration;
			buildSettings = {
				ALWAYS_SEARCH_USER_PATHS = NO;
				ASSETCATALOG_COMPILER_GENERATE_SWIFT_ASSET_SYMBOL_EXTENSIONS = YES;
				CLANG_ANALYZER_NONNULL = YES;
				CLANG_ANALYZER_NUMBER_OBJECT_CONVERSION = YES_AGGRESSIVE;
				CLANG_CXX_LANGUAGE_STANDARD = "gnu++20";
				CLANG_ENABLE_MODULES = YES;
				CLANG_ENABLE_OBJC_ARC = YES;
				CLANG_ENABLE_OBJC_WEAK = YES;
				CLANG_WARN_BLOCK_CAPTURE_AUTORELEASING = YES;
				CLANG_WARN_BOOL_CONVERSION = YES;
				CLANG_WARN_COMMA = YES;
				CLANG_WARN_CONSTANT_CONVERSION = YES;
				CLANG_WARN_DEPRECATED_OBJC_IMPLEMENTATIONS = YES;
				CLANG_WARN_DIRECT_OBJC_ISA_USAGE = YES_ERROR;
				CLANG_WARN_DOCUMENTATION_COMMENTS = YES;
				CLANG_WARN_EMPTY_BODY = YES;
				CLANG_WARN_ENUM_CONVERSION = YES;
				CLANG_WARN_INFINITE_RECURSION = YES;
				CLANG_WARN_INT_CONVERSION = YES;
				CLANG_WARN_NON_LITERAL_NULL_CONVERSION = YES;
				CLANG_WARN_OBJC_IMPLICIT_RETAIN_SELF = YES;
				CLANG_WARN_OBJC_LITERAL_CONVERSION = YES;
				CLANG_WARN_OBJC_ROOT_CLASS = YES_ERROR;
				CLANG_WARN_QUOTED_INCLUDE_IN_FRAMEWORK_HEADER = YES;
				CLANG_WARN_RANGE_LOOP_ANALYSIS = YES;
				CLANG_WARN_STRICT_PROTOTYPES = YES;
				CLANG_WARN_SUSPICIOUS_MOVE = YES;
				CLANG_WARN_UNGUARDED_AVAILABILITY = YES_AGGRESSIVE;
				CLANG_WARN_UNREACHABLE_CODE = YES;
				CLANG_WARN__DUPLICATE_METHOD_MATCH = YES;
				COPY_PHASE_STRIP = NO;
				DEBUG_INFORMATION_FORMAT = "dwarf-with-dsym";
				ENABLE_NS_ASSERTIONS = NO;
				ENABLE_STRICT_OBJC_MSGSEND = YES;
				ENABLE_USER_SCRIPT_SANDBOXING = YES;
				GCC_C_LANGUAGE_STANDARD = gnu17;
				GCC_NO_COMMON_BLOCKS = YES;
				GCC_WARN_64_TO_32_BIT_CONVERSION = YES;
				GCC_WARN_ABOUT_RETURN_TYPE = YES_ERROR;
				GCC_WARN_UNDECLARED_SELECTOR = YES;
				GCC_WARN_UNINITIALIZED_AUTOS = YES_AGGRESSIVE;
				GCC_WARN_UNUSED_FUNCTION = YES;
				GCC_WARN_UNUSED_VARIABLE = YES;
				IPHONEOS_DEPLOYMENT_TARGET = 17.2;
				LOCALIZATION_PREFERS_STRING_CATALOGS = YES;
				MTL_ENABLE_DEBUG_INFO = NO;
				MTL_FAST_MATH = YES;
				SDKROOT = iphoneos;
				SWIFT_COMPILATION_MODE = wholemodule;
				VALIDATE_PRODUCT = YES;
			};
			name = Release;
		};
		6F4ABD062C55592B002D9754 /* Debug */ = {
			isa = XCBuildConfiguration;
			buildSettings = {
				ASSETCATALOG_COMPILER_APPICON_NAME = AppIcon;
				ASSETCATALOG_COMPILER_GLOBAL_ACCENT_COLOR_NAME = AccentColor;
				CODE_SIGN_STYLE = Automatic;
				CURRENT_PROJECT_VERSION = 1;
				DEVELOPMENT_ASSET_PATHS = "\"CWCUnitTesting/Preview Content\"";
				DEVELOPMENT_TEAM = 352XRT73WP;
				ENABLE_PREVIEWS = YES;
				GENERATE_INFOPLIST_FILE = YES;
				INFOPLIST_KEY_UIApplicationSceneManifest_Generation = YES;
				INFOPLIST_KEY_UIApplicationSupportsIndirectInputEvents = YES;
				INFOPLIST_KEY_UILaunchScreen_Generation = YES;
				INFOPLIST_KEY_UISupportedInterfaceOrientations_iPad = "UIInterfaceOrientationPortrait UIInterfaceOrientationPortraitUpsideDown UIInterfaceOrientationLandscapeLeft UIInterfaceOrientationLandscapeRight";
				INFOPLIST_KEY_UISupportedInterfaceOrientations_iPhone = "UIInterfaceOrientationPortrait UIInterfaceOrientationLandscapeLeft UIInterfaceOrientationLandscapeRight";
				LD_RUNPATH_SEARCH_PATHS = (
					"$(inherited)",
					"@executable_path/Frameworks",
				);
				MARKETING_VERSION = 1.0;
				PRODUCT_BUNDLE_IDENTIFIER = com.lesleylopez.CWCUnitTesting;
				PRODUCT_NAME = "$(TARGET_NAME)";
				SWIFT_EMIT_LOC_STRINGS = YES;
				SWIFT_VERSION = 5.0;
				TARGETED_DEVICE_FAMILY = "1,2";
			};
			name = Debug;
		};
		6F4ABD072C55592B002D9754 /* Release */ = {
			isa = XCBuildConfiguration;
			buildSettings = {
				ASSETCATALOG_COMPILER_APPICON_NAME = AppIcon;
				ASSETCATALOG_COMPILER_GLOBAL_ACCENT_COLOR_NAME = AccentColor;
				CODE_SIGN_STYLE = Automatic;
				CURRENT_PROJECT_VERSION = 1;
				DEVELOPMENT_ASSET_PATHS = "\"CWCUnitTesting/Preview Content\"";
				DEVELOPMENT_TEAM = 352XRT73WP;
				ENABLE_PREVIEWS = YES;
				GENERATE_INFOPLIST_FILE = YES;
				INFOPLIST_KEY_UIApplicationSceneManifest_Generation = YES;
				INFOPLIST_KEY_UIApplicationSupportsIndirectInputEvents = YES;
				INFOPLIST_KEY_UILaunchScreen_Generation = YES;
				INFOPLIST_KEY_UISupportedInterfaceOrientations_iPad = "UIInterfaceOrientationPortrait UIInterfaceOrientationPortraitUpsideDown UIInterfaceOrientationLandscapeLeft UIInterfaceOrientationLandscapeRight";
				INFOPLIST_KEY_UISupportedInterfaceOrientations_iPhone = "UIInterfaceOrientationPortrait UIInterfaceOrientationLandscapeLeft UIInterfaceOrientationLandscapeRight";
				LD_RUNPATH_SEARCH_PATHS = (
					"$(inherited)",
					"@executable_path/Frameworks",
				);
				MARKETING_VERSION = 1.0;
				PRODUCT_BUNDLE_IDENTIFIER = com.lesleylopez.CWCUnitTesting;
				PRODUCT_NAME = "$(TARGET_NAME)";
				SWIFT_EMIT_LOC_STRINGS = YES;
				SWIFT_VERSION = 5.0;
				TARGETED_DEVICE_FAMILY = "1,2";
			};
			name = Release;
		};
		6F4ABD092C55592B002D9754 /* Debug */ = {
			isa = XCBuildConfiguration;
			buildSettings = {
				ALWAYS_EMBED_SWIFT_STANDARD_LIBRARIES = YES;
				BUNDLE_LOADER = "$(TEST_HOST)";
				CODE_SIGN_STYLE = Automatic;
				CURRENT_PROJECT_VERSION = 1;
				DEVELOPMENT_TEAM = 352XRT73WP;
				GENERATE_INFOPLIST_FILE = YES;
				IPHONEOS_DEPLOYMENT_TARGET = 17.2;
				MARKETING_VERSION = 1.0;
				PRODUCT_BUNDLE_IDENTIFIER = com.lesleylopez.CWCUnitTestingTests;
				PRODUCT_NAME = "$(TARGET_NAME)";
				SWIFT_EMIT_LOC_STRINGS = NO;
				SWIFT_VERSION = 5.0;
				TARGETED_DEVICE_FAMILY = "1,2";
				TEST_HOST = "$(BUILT_PRODUCTS_DIR)/CWCUnitTesting.app/$(BUNDLE_EXECUTABLE_FOLDER_PATH)/CWCUnitTesting";
			};
			name = Debug;
		};
		6F4ABD0A2C55592B002D9754 /* Release */ = {
			isa = XCBuildConfiguration;
			buildSettings = {
				ALWAYS_EMBED_SWIFT_STANDARD_LIBRARIES = YES;
				BUNDLE_LOADER = "$(TEST_HOST)";
				CODE_SIGN_STYLE = Automatic;
				CURRENT_PROJECT_VERSION = 1;
				DEVELOPMENT_TEAM = 352XRT73WP;
				GENERATE_INFOPLIST_FILE = YES;
				IPHONEOS_DEPLOYMENT_TARGET = 17.2;
				MARKETING_VERSION = 1.0;
				PRODUCT_BUNDLE_IDENTIFIER = com.lesleylopez.CWCUnitTestingTests;
				PRODUCT_NAME = "$(TARGET_NAME)";
				SWIFT_EMIT_LOC_STRINGS = NO;
				SWIFT_VERSION = 5.0;
				TARGETED_DEVICE_FAMILY = "1,2";
				TEST_HOST = "$(BUILT_PRODUCTS_DIR)/CWCUnitTesting.app/$(BUNDLE_EXECUTABLE_FOLDER_PATH)/CWCUnitTesting";
			};
			name = Release;
		};
		6F4ABD0C2C55592B002D9754 /* Debug */ = {
			isa = XCBuildConfiguration;
			buildSettings = {
				ALWAYS_EMBED_SWIFT_STANDARD_LIBRARIES = YES;
				CODE_SIGN_STYLE = Automatic;
				CURRENT_PROJECT_VERSION = 1;
				DEVELOPMENT_TEAM = 352XRT73WP;
				GENERATE_INFOPLIST_FILE = YES;
				MARKETING_VERSION = 1.0;
				PRODUCT_BUNDLE_IDENTIFIER = com.lesleylopez.CWCUnitTestingUITests;
				PRODUCT_NAME = "$(TARGET_NAME)";
				SWIFT_EMIT_LOC_STRINGS = NO;
				SWIFT_VERSION = 5.0;
				TARGETED_DEVICE_FAMILY = "1,2";
				TEST_TARGET_NAME = CWCUnitTesting;
			};
			name = Debug;
		};
		6F4ABD0D2C55592B002D9754 /* Release */ = {
			isa = XCBuildConfiguration;
			buildSettings = {
				ALWAYS_EMBED_SWIFT_STANDARD_LIBRARIES = YES;
				CODE_SIGN_STYLE = Automatic;
				CURRENT_PROJECT_VERSION = 1;
				DEVELOPMENT_TEAM = 352XRT73WP;
				GENERATE_INFOPLIST_FILE = YES;
				MARKETING_VERSION = 1.0;
				PRODUCT_BUNDLE_IDENTIFIER = com.lesleylopez.CWCUnitTestingUITests;
				PRODUCT_NAME = "$(TARGET_NAME)";
				SWIFT_EMIT_LOC_STRINGS = NO;
				SWIFT_VERSION = 5.0;
				TARGETED_DEVICE_FAMILY = "1,2";
				TEST_TARGET_NAME = CWCUnitTesting;
			};
			name = Release;
		};
/* End XCBuildConfiguration section */

/* Begin XCConfigurationList section */
		6F4ABCDC2C555926002D9754 /* Build configuration list for PBXProject "CWCUnitTesting" */ = {
			isa = XCConfigurationList;
			buildConfigurations = (
				6F4ABD032C55592B002D9754 /* Debug */,
				6F4ABD042C55592B002D9754 /* Release */,
			);
			defaultConfigurationIsVisible = 0;
			defaultConfigurationName = Release;
		};
		6F4ABD052C55592B002D9754 /* Build configuration list for PBXNativeTarget "CWCUnitTesting" */ = {
			isa = XCConfigurationList;
			buildConfigurations = (
				6F4ABD062C55592B002D9754 /* Debug */,
				6F4ABD072C55592B002D9754 /* Release */,
			);
			defaultConfigurationIsVisible = 0;
			defaultConfigurationName = Release;
		};
		6F4ABD082C55592B002D9754 /* Build configuration list for PBXNativeTarget "CWCUnitTestingTests" */ = {
			isa = XCConfigurationList;
			buildConfigurations = (
				6F4ABD092C55592B002D9754 /* Debug */,
				6F4ABD0A2C55592B002D9754 /* Release */,
			);
			defaultConfigurationIsVisible = 0;
			defaultConfigurationName = Release;
		};
		6F4ABD0B2C55592B002D9754 /* Build configuration list for PBXNativeTarget "CWCUnitTestingUITests" */ = {
			isa = XCConfigurationList;
			buildConfigurations = (
				6F4ABD0C2C55592B002D9754 /* Debug */,
				6F4ABD0D2C55592B002D9754 /* Release */,
			);
			defaultConfigurationIsVisible = 0;
			defaultConfigurationName = Release;
		};
/* End XCConfigurationList section */
	};
	rootObject = 6F4ABCD92C555926002D9754 /* Project object */;
}
